
Microsoft Visual Studio Solution File, Format Version 12.00
# Visual Studio Version 16
VisualStudioVersion = 16.0.30717.126
MinimumVisualStudioVersion = 10.0.40219.1
Project("{9A19103F-16F7-4668-BE54-9A1E7A4F7556}") = "ClassesEObjetos", "ClassesEObjetos\ClassesEObjetos.csproj", "{983DF4AC-7921-421E-A2CC-BBDBBB679A02}"
EndProject
Project("{9A19103F-16F7-4668-BE54-9A1E7A4F7556}") = "PalavraThis", "PalavraThis\PalavraThis.csproj", "{DA17D48E-2FCF-449F-8CB2-C867C27F51FB}"
EndProject
Project("{9A19103F-16F7-4668-BE54-9A1E7A4F7556}") = "Propriedades", "Propriedades\Propriedades.csproj", "{4A720324-6D18-4353-84C8-6884FE04CD82}"
EndProject
Project("{FAE04EC0-301F-11D3-BF4B-00C04F79EFBC}") = "ModeloDominio", "ModeloDominio\ModeloDominio.csproj", "{EEDC6E64-1ABA-4FE5-B984-1F5E5C586874}"
EndProject
Global
	GlobalSection(SolutionConfigurationPlatforms) = preSolution
		Debug|Any CPU = Debug|Any CPU
		Release|Any CPU = Release|Any CPU
	EndGlobalSection
	GlobalSection(ProjectConfigurationPlatforms) = postSolution
		{983DF4AC-7921-421E-A2CC-BBDBBB679A02}.Debug|Any CPU.ActiveCfg = Debug|Any CPU
		{983DF4AC-7921-421E-A2CC-BBDBBB679A02}.Debug|Any CPU.Build.0 = Debug|Any CPU
		{983DF4AC-7921-421E-A2CC-BBDBBB679A02}.Release|Any CPU.ActiveCfg = Release|Any CPU
		{983DF4AC-7921-421E-A2CC-BBDBBB679A02}.Release|Any CPU.Build.0 = Release|Any CPU
		{DA17D48E-2FCF-449F-8CB2-C867C27F51FB}.Debug|Any CPU.ActiveCfg = Debug|Any CPU
		{DA17D48E-2FCF-449F-8CB2-C867C27F51FB}.Debug|Any CPU.Build.0 = Debug|Any CPU
		{DA17D48E-2FCF-449F-8CB2-C867C27F51FB}.Release|Any CPU.ActiveCfg = Release|Any CPU
		{DA17D48E-2FCF-449F-8CB2-C867C27F51FB}.Release|Any CPU.Build.0 = Release|Any CPU
		{4A720324-6D18-4353-84C8-6884FE04CD82}.Debug|Any CPU.ActiveCfg = Debug|Any CPU
		{4A720324-6D18-4353-84C8-6884FE04CD82}.Debug|Any CPU.Build.0 = Debug|Any CPU
		{4A720324-6D18-4353-84C8-6884FE04CD82}.Release|Any CPU.ActiveCfg = Release|Any CPU
		{4A720324-6D18-4353-84C8-6884FE04CD82}.Release|Any CPU.Build.0 = Release|Any CPU
		{EEDC6E64-1ABA-4FE5-B984-1F5E5C586874}.Debug|Any CPU.ActiveCfg = Debug|Any CPU
		{EEDC6E64-1ABA-4FE5-B984-1F5E5C586874}.Debug|Any CPU.Build.0 = Debug|Any CPU
		{EEDC6E64-1ABA-4FE5-B984-1F5E5C586874}.Release|Any CPU.ActiveCfg = Release|Any CPU
		{EEDC6E64-1ABA-4FE5-B984-1F5E5C586874}.Release|Any CPU.Build.0 = Release|Any CPU
	EndGlobalSection
	GlobalSection(SolutionProperties) = preSolution
		HideSolutionNode = FALSE
	EndGlobalSection
	GlobalSection(ExtensibilityGlobals) = postSolution
		SolutionGuid = {11D29A66-F5DD-4BF5-9E82-5A0D74C12FD9}
	EndGlobalSection
EndGlobal
