
Microsoft Visual Studio Solution File, Format Version 12.00
# Visual Studio Version 16
VisualStudioVersion = 16.0.30717.126
MinimumVisualStudioVersion = 10.0.40219.1
Project("{9A19103F-16F7-4668-BE54-9A1E7A4F7556}") = "ClassesEObjetos", "ClassesEObjetos\ClassesEObjetos.csproj", "{983DF4AC-7921-421E-A2CC-BBDBBB679A02}"
EndProject
Project("{9A19103F-16F7-4668-BE54-9A1E7A4F7556}") = "PalavraThis", "PalavraThis\PalavraThis.csproj", "{DA17D48E-2FCF-449F-8CB2-C867C27F51FB}"
EndProject
Project("{9A19103F-16F7-4668-BE54-9A1E7A4F7556}") = "Propriedades", "Propriedades\Propriedades.csproj", "{4A720324-6D18-4353-84C8-6884FE04CD82}"
EndProject
Project("{9A19103F-16F7-4668-BE54-9A1E7A4F7556}") = "ModeloDominio", "ModeloDominio\ModeloDominio.csproj", "{EEDC6E64-1ABA-4FE5-B984-1F5E5C586874}"
EndProject
Project("{9A19103F-16F7-4668-BE54-9A1E7A4F7556}") = "SobrecargaMetodos", "SobrecargaMetodos\SobrecargaMetodos.csproj", "{525C5507-B53A-4762-8D4A-EAF86D5643D0}"
EndProject
Project("{9A19103F-16F7-4668-BE54-9A1E7A4F7556}") = "ParametrosOpcionais", "ParametrosOpcionais\ParametrosOpcionais.csproj", "{59D22DE5-029C-4D5A-945E-A138894D5446}"
EndProject
Project("{9A19103F-16F7-4668-BE54-9A1E7A4F7556}") = "ArgumentosNomeados", "ArgumentosNomeados\ArgumentosNomeados.csproj", "{9EC1D367-51A6-4723-8D6C-DFC6FF5DDBE9}"
EndProject
Project("{9A19103F-16F7-4668-BE54-9A1E7A4F7556}") = "MetodosEstaticos", "MetodosEstaticos\MetodosEstaticos.csproj", "{6DD6CE13-0DD4-4505-89E9-5DEE8246ED9F}"
EndProject
Project("{9A19103F-16F7-4668-BE54-9A1E7A4F7556}") = "MetodosExtensao", "MetodosExtensao\MetodosExtensao.csproj", "{C1B2936F-BFB2-48FF-8C9C-37DA2CE005F8}"
EndProject
Project("{9A19103F-16F7-4668-BE54-9A1E7A4F7556}") = "Heranca", "Heranca\Heranca.csproj", "{93A3CB43-A1D8-4F26-943C-9CCFED076B7E}"
EndProject
Project("{9A19103F-16F7-4668-BE54-9A1E7A4F7556}") = "HerancaConstrutor", "HerancaConstrutor\HerancaConstrutor.csproj", "{5EDDC6F4-708C-4871-9CDE-A2603F26EAFE}"
EndProject
Project("{FAE04EC0-301F-11D3-BF4B-00C04F79EFBC}") = "ClassesAbstratas", "ClassesAbstratas\ClassesAbstratas.csproj", "{D65E7AC9-C5AB-4863-9528-93275204A7AC}"
EndProject
Global
	GlobalSection(SolutionConfigurationPlatforms) = preSolution
		Debug|Any CPU = Debug|Any CPU
		Release|Any CPU = Release|Any CPU
	EndGlobalSection
	GlobalSection(ProjectConfigurationPlatforms) = postSolution
		{983DF4AC-7921-421E-A2CC-BBDBBB679A02}.Debug|Any CPU.ActiveCfg = Debug|Any CPU
		{983DF4AC-7921-421E-A2CC-BBDBBB679A02}.Debug|Any CPU.Build.0 = Debug|Any CPU
		{983DF4AC-7921-421E-A2CC-BBDBBB679A02}.Release|Any CPU.ActiveCfg = Release|Any CPU
		{983DF4AC-7921-421E-A2CC-BBDBBB679A02}.Release|Any CPU.Build.0 = Release|Any CPU
		{DA17D48E-2FCF-449F-8CB2-C867C27F51FB}.Debug|Any CPU.ActiveCfg = Debug|Any CPU
		{DA17D48E-2FCF-449F-8CB2-C867C27F51FB}.Debug|Any CPU.Build.0 = Debug|Any CPU
		{DA17D48E-2FCF-449F-8CB2-C867C27F51FB}.Release|Any CPU.ActiveCfg = Release|Any CPU
		{DA17D48E-2FCF-449F-8CB2-C867C27F51FB}.Release|Any CPU.Build.0 = Release|Any CPU
		{4A720324-6D18-4353-84C8-6884FE04CD82}.Debug|Any CPU.ActiveCfg = Debug|Any CPU
		{4A720324-6D18-4353-84C8-6884FE04CD82}.Debug|Any CPU.Build.0 = Debug|Any CPU
		{4A720324-6D18-4353-84C8-6884FE04CD82}.Release|Any CPU.ActiveCfg = Release|Any CPU
		{4A720324-6D18-4353-84C8-6884FE04CD82}.Release|Any CPU.Build.0 = Release|Any CPU
		{EEDC6E64-1ABA-4FE5-B984-1F5E5C586874}.Debug|Any CPU.ActiveCfg = Debug|Any CPU
		{EEDC6E64-1ABA-4FE5-B984-1F5E5C586874}.Debug|Any CPU.Build.0 = Debug|Any CPU
		{EEDC6E64-1ABA-4FE5-B984-1F5E5C586874}.Release|Any CPU.ActiveCfg = Release|Any CPU
		{EEDC6E64-1ABA-4FE5-B984-1F5E5C586874}.Release|Any CPU.Build.0 = Release|Any CPU
		{525C5507-B53A-4762-8D4A-EAF86D5643D0}.Debug|Any CPU.ActiveCfg = Debug|Any CPU
		{525C5507-B53A-4762-8D4A-EAF86D5643D0}.Debug|Any CPU.Build.0 = Debug|Any CPU
		{525C5507-B53A-4762-8D4A-EAF86D5643D0}.Release|Any CPU.ActiveCfg = Release|Any CPU
		{525C5507-B53A-4762-8D4A-EAF86D5643D0}.Release|Any CPU.Build.0 = Release|Any CPU
		{59D22DE5-029C-4D5A-945E-A138894D5446}.Debug|Any CPU.ActiveCfg = Debug|Any CPU
		{59D22DE5-029C-4D5A-945E-A138894D5446}.Debug|Any CPU.Build.0 = Debug|Any CPU
		{59D22DE5-029C-4D5A-945E-A138894D5446}.Release|Any CPU.ActiveCfg = Release|Any CPU
		{59D22DE5-029C-4D5A-945E-A138894D5446}.Release|Any CPU.Build.0 = Release|Any CPU
		{9EC1D367-51A6-4723-8D6C-DFC6FF5DDBE9}.Debug|Any CPU.ActiveCfg = Debug|Any CPU
		{9EC1D367-51A6-4723-8D6C-DFC6FF5DDBE9}.Debug|Any CPU.Build.0 = Debug|Any CPU
		{9EC1D367-51A6-4723-8D6C-DFC6FF5DDBE9}.Release|Any CPU.ActiveCfg = Release|Any CPU
		{9EC1D367-51A6-4723-8D6C-DFC6FF5DDBE9}.Release|Any CPU.Build.0 = Release|Any CPU
		{6DD6CE13-0DD4-4505-89E9-5DEE8246ED9F}.Debug|Any CPU.ActiveCfg = Debug|Any CPU
		{6DD6CE13-0DD4-4505-89E9-5DEE8246ED9F}.Debug|Any CPU.Build.0 = Debug|Any CPU
		{6DD6CE13-0DD4-4505-89E9-5DEE8246ED9F}.Release|Any CPU.ActiveCfg = Release|Any CPU
		{6DD6CE13-0DD4-4505-89E9-5DEE8246ED9F}.Release|Any CPU.Build.0 = Release|Any CPU
		{C1B2936F-BFB2-48FF-8C9C-37DA2CE005F8}.Debug|Any CPU.ActiveCfg = Debug|Any CPU
		{C1B2936F-BFB2-48FF-8C9C-37DA2CE005F8}.Debug|Any CPU.Build.0 = Debug|Any CPU
		{C1B2936F-BFB2-48FF-8C9C-37DA2CE005F8}.Release|Any CPU.ActiveCfg = Release|Any CPU
		{C1B2936F-BFB2-48FF-8C9C-37DA2CE005F8}.Release|Any CPU.Build.0 = Release|Any CPU
		{93A3CB43-A1D8-4F26-943C-9CCFED076B7E}.Debug|Any CPU.ActiveCfg = Debug|Any CPU
		{93A3CB43-A1D8-4F26-943C-9CCFED076B7E}.Debug|Any CPU.Build.0 = Debug|Any CPU
		{93A3CB43-A1D8-4F26-943C-9CCFED076B7E}.Release|Any CPU.ActiveCfg = Release|Any CPU
		{93A3CB43-A1D8-4F26-943C-9CCFED076B7E}.Release|Any CPU.Build.0 = Release|Any CPU
		{5EDDC6F4-708C-4871-9CDE-A2603F26EAFE}.Debug|Any CPU.ActiveCfg = Debug|Any CPU
		{5EDDC6F4-708C-4871-9CDE-A2603F26EAFE}.Debug|Any CPU.Build.0 = Debug|Any CPU
		{5EDDC6F4-708C-4871-9CDE-A2603F26EAFE}.Release|Any CPU.ActiveCfg = Release|Any CPU
		{5EDDC6F4-708C-4871-9CDE-A2603F26EAFE}.Release|Any CPU.Build.0 = Release|Any CPU
		{D65E7AC9-C5AB-4863-9528-93275204A7AC}.Debug|Any CPU.ActiveCfg = Debug|Any CPU
		{D65E7AC9-C5AB-4863-9528-93275204A7AC}.Debug|Any CPU.Build.0 = Debug|Any CPU
		{D65E7AC9-C5AB-4863-9528-93275204A7AC}.Release|Any CPU.ActiveCfg = Release|Any CPU
		{D65E7AC9-C5AB-4863-9528-93275204A7AC}.Release|Any CPU.Build.0 = Release|Any CPU
	EndGlobalSection
	GlobalSection(SolutionProperties) = preSolution
		HideSolutionNode = FALSE
	EndGlobalSection
	GlobalSection(ExtensibilityGlobals) = postSolution
		SolutionGuid = {11D29A66-F5DD-4BF5-9E82-5A0D74C12FD9}
	EndGlobalSection
EndGlobal
