
Microsoft Visual Studio Solution File, Format Version 12.00
# Visual Studio Version 16
VisualStudioVersion = 16.0.30717.126
MinimumVisualStudioVersion = 10.0.40219.1
Project("{2150E333-8FDC-42A3-9474-1A3956D46DE8}") = "1 - Identificando os Problemas", "1 - Identificando os Problemas", "{05631E5F-D980-439E-ACEB-B4A65C75B3C3}"
EndProject
Project("{FAE04EC0-301F-11D3-BF4B-00C04F79EFBC}") = "AplicandoSolid.IdentificandoProblemas", "AplicandoSolid.IdentificandoProblemas\AplicandoSolid.IdentificandoProblemas.csproj", "{5A5B0DC2-C641-41BD-B768-8F9A95C7BDBF}"
EndProject
Global
	GlobalSection(SolutionConfigurationPlatforms) = preSolution
		Debug|Any CPU = Debug|Any CPU
		Release|Any CPU = Release|Any CPU
	EndGlobalSection
	GlobalSection(ProjectConfigurationPlatforms) = postSolution
		{5A5B0DC2-C641-41BD-B768-8F9A95C7BDBF}.Debug|Any CPU.ActiveCfg = Debug|Any CPU
		{5A5B0DC2-C641-41BD-B768-8F9A95C7BDBF}.Debug|Any CPU.Build.0 = Debug|Any CPU
		{5A5B0DC2-C641-41BD-B768-8F9A95C7BDBF}.Release|Any CPU.ActiveCfg = Release|Any CPU
		{5A5B0DC2-C641-41BD-B768-8F9A95C7BDBF}.Release|Any CPU.Build.0 = Release|Any CPU
	EndGlobalSection
	GlobalSection(SolutionProperties) = preSolution
		HideSolutionNode = FALSE
	EndGlobalSection
	GlobalSection(NestedProjects) = preSolution
		{5A5B0DC2-C641-41BD-B768-8F9A95C7BDBF} = {05631E5F-D980-439E-ACEB-B4A65C75B3C3}
	EndGlobalSection
	GlobalSection(ExtensibilityGlobals) = postSolution
		SolutionGuid = {7AC5568A-A8DF-4616-8BE5-5E7AD3C0FAC1}
	EndGlobalSection
EndGlobal
