
Microsoft Visual Studio Solution File, Format Version 12.00
# Visual Studio Version 16
VisualStudioVersion = 16.0.30717.126
MinimumVisualStudioVersion = 10.0.40219.1
Project("{2150E333-8FDC-42A3-9474-1A3956D46DE8}") = "1 - Identificando os Problemas", "1 - Identificando os Problemas", "{05631E5F-D980-439E-ACEB-B4A65C75B3C3}"
EndProject
Project("{9A19103F-16F7-4668-BE54-9A1E7A4F7556}") = "IdentificandoProblemas", "IdentificandoProblemas\IdentificandoProblemas.csproj", "{2B7DE2C0-9CE4-4EED-A709-36EF2E81B37E}"
EndProject
Project("{2150E333-8FDC-42A3-9474-1A3956D46DE8}") = "2 - Resolvendo os Problemas", "2 - Resolvendo os Problemas", "{3E950700-C9FE-4010-9D33-F7696659D173}"
EndProject
Project("{9A19103F-16F7-4668-BE54-9A1E7A4F7556}") = "ResolvendoProblemas", "ResolvendoProblemas\ResolvendoProblemas.csproj", "{EF378965-0854-4676-8DAD-32D2BF19F143}"
EndProject
Project("{2150E333-8FDC-42A3-9474-1A3956D46DE8}") = "3 - Exercícios", "3 - Exercícios", "{E1B962B3-3A49-4DA7-AD19-295A3F35D89E}"
EndProject
Project("{2150E333-8FDC-42A3-9474-1A3956D46DE8}") = "Exercício 1", "Exercício 1", "{EAA513BC-8101-4D31-8AB8-783CB8283633}"
EndProject
Project("{FAE04EC0-301F-11D3-BF4B-00C04F79EFBC}") = "SOLID.Exercicio1", "SOLID.Exercicio1\SOLID.Exercicio1.csproj", "{5EDEED14-F257-43A6-AD47-6B84733956DC}"
EndProject
Global
	GlobalSection(SolutionConfigurationPlatforms) = preSolution
		Debug|Any CPU = Debug|Any CPU
		Release|Any CPU = Release|Any CPU
	EndGlobalSection
	GlobalSection(ProjectConfigurationPlatforms) = postSolution
		{2B7DE2C0-9CE4-4EED-A709-36EF2E81B37E}.Debug|Any CPU.ActiveCfg = Debug|Any CPU
		{2B7DE2C0-9CE4-4EED-A709-36EF2E81B37E}.Debug|Any CPU.Build.0 = Debug|Any CPU
		{2B7DE2C0-9CE4-4EED-A709-36EF2E81B37E}.Release|Any CPU.ActiveCfg = Release|Any CPU
		{2B7DE2C0-9CE4-4EED-A709-36EF2E81B37E}.Release|Any CPU.Build.0 = Release|Any CPU
		{EF378965-0854-4676-8DAD-32D2BF19F143}.Debug|Any CPU.ActiveCfg = Debug|Any CPU
		{EF378965-0854-4676-8DAD-32D2BF19F143}.Debug|Any CPU.Build.0 = Debug|Any CPU
		{EF378965-0854-4676-8DAD-32D2BF19F143}.Release|Any CPU.ActiveCfg = Release|Any CPU
		{EF378965-0854-4676-8DAD-32D2BF19F143}.Release|Any CPU.Build.0 = Release|Any CPU
		{5EDEED14-F257-43A6-AD47-6B84733956DC}.Debug|Any CPU.ActiveCfg = Debug|Any CPU
		{5EDEED14-F257-43A6-AD47-6B84733956DC}.Debug|Any CPU.Build.0 = Debug|Any CPU
		{5EDEED14-F257-43A6-AD47-6B84733956DC}.Release|Any CPU.ActiveCfg = Release|Any CPU
		{5EDEED14-F257-43A6-AD47-6B84733956DC}.Release|Any CPU.Build.0 = Release|Any CPU
	EndGlobalSection
	GlobalSection(SolutionProperties) = preSolution
		HideSolutionNode = FALSE
	EndGlobalSection
	GlobalSection(NestedProjects) = preSolution
		{2B7DE2C0-9CE4-4EED-A709-36EF2E81B37E} = {05631E5F-D980-439E-ACEB-B4A65C75B3C3}
		{EF378965-0854-4676-8DAD-32D2BF19F143} = {3E950700-C9FE-4010-9D33-F7696659D173}
		{EAA513BC-8101-4D31-8AB8-783CB8283633} = {E1B962B3-3A49-4DA7-AD19-295A3F35D89E}
		{5EDEED14-F257-43A6-AD47-6B84733956DC} = {EAA513BC-8101-4D31-8AB8-783CB8283633}
	EndGlobalSection
	GlobalSection(ExtensibilityGlobals) = postSolution
		SolutionGuid = {7AC5568A-A8DF-4616-8BE5-5E7AD3C0FAC1}
	EndGlobalSection
EndGlobal
