
Microsoft Visual Studio Solution File, Format Version 12.00
# Visual Studio Version 16
VisualStudioVersion = 16.0.30717.126
MinimumVisualStudioVersion = 10.0.40219.1
Project("{2150E333-8FDC-42A3-9474-1A3956D46DE8}") = "1 - SRP", "1 - SRP", "{FEF5AB1E-C70F-486C-A40F-3172259755BE}"
EndProject
Project("{FAE04EC0-301F-11D3-BF4B-00C04F79EFBC}") = "SRP_Violacao", "SRP_Violacao\SRP_Violacao.csproj", "{80CD947C-321F-47C2-B266-94C9B6F48DBF}"
EndProject
Project("{FAE04EC0-301F-11D3-BF4B-00C04F79EFBC}") = "SRP_Aderente", "SRP_Aderente\SRP_Aderente.csproj", "{476215F6-F783-4C42-8E55-F8F85827564D}"
EndProject
Global
	GlobalSection(SolutionConfigurationPlatforms) = preSolution
		Debug|Any CPU = Debug|Any CPU
		Release|Any CPU = Release|Any CPU
	EndGlobalSection
	GlobalSection(ProjectConfigurationPlatforms) = postSolution
		{80CD947C-321F-47C2-B266-94C9B6F48DBF}.Debug|Any CPU.ActiveCfg = Debug|Any CPU
		{80CD947C-321F-47C2-B266-94C9B6F48DBF}.Debug|Any CPU.Build.0 = Debug|Any CPU
		{80CD947C-321F-47C2-B266-94C9B6F48DBF}.Release|Any CPU.ActiveCfg = Release|Any CPU
		{80CD947C-321F-47C2-B266-94C9B6F48DBF}.Release|Any CPU.Build.0 = Release|Any CPU
		{476215F6-F783-4C42-8E55-F8F85827564D}.Debug|Any CPU.ActiveCfg = Debug|Any CPU
		{476215F6-F783-4C42-8E55-F8F85827564D}.Debug|Any CPU.Build.0 = Debug|Any CPU
		{476215F6-F783-4C42-8E55-F8F85827564D}.Release|Any CPU.ActiveCfg = Release|Any CPU
		{476215F6-F783-4C42-8E55-F8F85827564D}.Release|Any CPU.Build.0 = Release|Any CPU
	EndGlobalSection
	GlobalSection(SolutionProperties) = preSolution
		HideSolutionNode = FALSE
	EndGlobalSection
	GlobalSection(NestedProjects) = preSolution
		{80CD947C-321F-47C2-B266-94C9B6F48DBF} = {FEF5AB1E-C70F-486C-A40F-3172259755BE}
		{476215F6-F783-4C42-8E55-F8F85827564D} = {FEF5AB1E-C70F-486C-A40F-3172259755BE}
	EndGlobalSection
	GlobalSection(ExtensibilityGlobals) = postSolution
		SolutionGuid = {9AB1B944-9904-402D-B421-236052BB031C}
	EndGlobalSection
EndGlobal
