
Microsoft Visual Studio Solution File, Format Version 12.00
# Visual Studio Version 16
VisualStudioVersion = 16.0.30717.126
MinimumVisualStudioVersion = 10.0.40219.1
Project("{2150E333-8FDC-42A3-9474-1A3956D46DE8}") = "1 - SRP", "1 - SRP", "{FEF5AB1E-C70F-486C-A40F-3172259755BE}"
EndProject
Project("{9A19103F-16F7-4668-BE54-9A1E7A4F7556}") = "SRP_Violacao", "SRP_Violacao\SRP_Violacao.csproj", "{80CD947C-321F-47C2-B266-94C9B6F48DBF}"
EndProject
Project("{9A19103F-16F7-4668-BE54-9A1E7A4F7556}") = "SRP_Aderente", "SRP_Aderente\SRP_Aderente.csproj", "{476215F6-F783-4C42-8E55-F8F85827564D}"
EndProject
Project("{2150E333-8FDC-42A3-9474-1A3956D46DE8}") = "2 - OCP", "2 - OCP", "{5FB025BA-6D4B-4C62-98F1-5E9F1FFDC43E}"
EndProject
Project("{9A19103F-16F7-4668-BE54-9A1E7A4F7556}") = "OCP_ExtensionMethods", "OCP_ExtensionMethods\OCP_ExtensionMethods.csproj", "{6900F87D-A3D8-4B6E-8DBA-5D894FBB355C}"
EndProject
Project("{9A19103F-16F7-4668-BE54-9A1E7A4F7556}") = "OCP_Violacao", "OCP_Violacao\OCP_Violacao.csproj", "{31E8CC81-AE51-4F77-A58F-1BFB94E38333}"
EndProject
Project("{9A19103F-16F7-4668-BE54-9A1E7A4F7556}") = "OCP_Aderente", "OCP_Aderente\OCP_Aderente.csproj", "{274228BD-1786-465D-8643-84E71E336A86}"
EndProject
Project("{2150E333-8FDC-42A3-9474-1A3956D46DE8}") = "3 - LSP", "3 - LSP", "{C17E3914-2F3D-459B-9E51-410E2F292F50}"
EndProject
Project("{FAE04EC0-301F-11D3-BF4B-00C04F79EFBC}") = "LSP.Violacao", "LSP.Violacao\LSP.Violacao.csproj", "{688FBD7F-2539-4F68-AC90-E413CF075408}"
EndProject
Project("{FAE04EC0-301F-11D3-BF4B-00C04F79EFBC}") = "LSP.Solucao", "LSP.Solucao\LSP.Solucao.csproj", "{E51B46FE-2CC1-4D11-93B5-C41205FA755F}"
EndProject
Project("{2150E333-8FDC-42A3-9474-1A3956D46DE8}") = "4 - ISP", "4 - ISP", "{8CB801AC-3E66-4CBF-AAF0-48E849FB4744}"
EndProject
Project("{FAE04EC0-301F-11D3-BF4B-00C04F79EFBC}") = "ISP.Violacao", "ISP.Violacao\ISP.Violacao.csproj", "{1D04E6E4-8543-4DB9-9E24-CAC2404B4DA6}"
EndProject
Project("{FAE04EC0-301F-11D3-BF4B-00C04F79EFBC}") = "ISP.Solucao", "ISP.Solucao\ISP.Solucao.csproj", "{C6266D25-A21B-4197-961F-8E33A0E82DE1}"
EndProject
Global
	GlobalSection(SolutionConfigurationPlatforms) = preSolution
		Debug|Any CPU = Debug|Any CPU
		Release|Any CPU = Release|Any CPU
	EndGlobalSection
	GlobalSection(ProjectConfigurationPlatforms) = postSolution
		{80CD947C-321F-47C2-B266-94C9B6F48DBF}.Debug|Any CPU.ActiveCfg = Debug|Any CPU
		{80CD947C-321F-47C2-B266-94C9B6F48DBF}.Debug|Any CPU.Build.0 = Debug|Any CPU
		{80CD947C-321F-47C2-B266-94C9B6F48DBF}.Release|Any CPU.ActiveCfg = Release|Any CPU
		{80CD947C-321F-47C2-B266-94C9B6F48DBF}.Release|Any CPU.Build.0 = Release|Any CPU
		{476215F6-F783-4C42-8E55-F8F85827564D}.Debug|Any CPU.ActiveCfg = Debug|Any CPU
		{476215F6-F783-4C42-8E55-F8F85827564D}.Debug|Any CPU.Build.0 = Debug|Any CPU
		{476215F6-F783-4C42-8E55-F8F85827564D}.Release|Any CPU.ActiveCfg = Release|Any CPU
		{476215F6-F783-4C42-8E55-F8F85827564D}.Release|Any CPU.Build.0 = Release|Any CPU
		{6900F87D-A3D8-4B6E-8DBA-5D894FBB355C}.Debug|Any CPU.ActiveCfg = Debug|Any CPU
		{6900F87D-A3D8-4B6E-8DBA-5D894FBB355C}.Debug|Any CPU.Build.0 = Debug|Any CPU
		{6900F87D-A3D8-4B6E-8DBA-5D894FBB355C}.Release|Any CPU.ActiveCfg = Release|Any CPU
		{6900F87D-A3D8-4B6E-8DBA-5D894FBB355C}.Release|Any CPU.Build.0 = Release|Any CPU
		{31E8CC81-AE51-4F77-A58F-1BFB94E38333}.Debug|Any CPU.ActiveCfg = Debug|Any CPU
		{31E8CC81-AE51-4F77-A58F-1BFB94E38333}.Debug|Any CPU.Build.0 = Debug|Any CPU
		{31E8CC81-AE51-4F77-A58F-1BFB94E38333}.Release|Any CPU.ActiveCfg = Release|Any CPU
		{31E8CC81-AE51-4F77-A58F-1BFB94E38333}.Release|Any CPU.Build.0 = Release|Any CPU
		{274228BD-1786-465D-8643-84E71E336A86}.Debug|Any CPU.ActiveCfg = Debug|Any CPU
		{274228BD-1786-465D-8643-84E71E336A86}.Debug|Any CPU.Build.0 = Debug|Any CPU
		{274228BD-1786-465D-8643-84E71E336A86}.Release|Any CPU.ActiveCfg = Release|Any CPU
		{274228BD-1786-465D-8643-84E71E336A86}.Release|Any CPU.Build.0 = Release|Any CPU
		{688FBD7F-2539-4F68-AC90-E413CF075408}.Debug|Any CPU.ActiveCfg = Debug|Any CPU
		{688FBD7F-2539-4F68-AC90-E413CF075408}.Debug|Any CPU.Build.0 = Debug|Any CPU
		{688FBD7F-2539-4F68-AC90-E413CF075408}.Release|Any CPU.ActiveCfg = Release|Any CPU
		{688FBD7F-2539-4F68-AC90-E413CF075408}.Release|Any CPU.Build.0 = Release|Any CPU
		{E51B46FE-2CC1-4D11-93B5-C41205FA755F}.Debug|Any CPU.ActiveCfg = Debug|Any CPU
		{E51B46FE-2CC1-4D11-93B5-C41205FA755F}.Debug|Any CPU.Build.0 = Debug|Any CPU
		{E51B46FE-2CC1-4D11-93B5-C41205FA755F}.Release|Any CPU.ActiveCfg = Release|Any CPU
		{E51B46FE-2CC1-4D11-93B5-C41205FA755F}.Release|Any CPU.Build.0 = Release|Any CPU
		{1D04E6E4-8543-4DB9-9E24-CAC2404B4DA6}.Debug|Any CPU.ActiveCfg = Debug|Any CPU
		{1D04E6E4-8543-4DB9-9E24-CAC2404B4DA6}.Debug|Any CPU.Build.0 = Debug|Any CPU
		{1D04E6E4-8543-4DB9-9E24-CAC2404B4DA6}.Release|Any CPU.ActiveCfg = Release|Any CPU
		{1D04E6E4-8543-4DB9-9E24-CAC2404B4DA6}.Release|Any CPU.Build.0 = Release|Any CPU
		{C6266D25-A21B-4197-961F-8E33A0E82DE1}.Debug|Any CPU.ActiveCfg = Debug|Any CPU
		{C6266D25-A21B-4197-961F-8E33A0E82DE1}.Debug|Any CPU.Build.0 = Debug|Any CPU
		{C6266D25-A21B-4197-961F-8E33A0E82DE1}.Release|Any CPU.ActiveCfg = Release|Any CPU
		{C6266D25-A21B-4197-961F-8E33A0E82DE1}.Release|Any CPU.Build.0 = Release|Any CPU
	EndGlobalSection
	GlobalSection(SolutionProperties) = preSolution
		HideSolutionNode = FALSE
	EndGlobalSection
	GlobalSection(NestedProjects) = preSolution
		{80CD947C-321F-47C2-B266-94C9B6F48DBF} = {FEF5AB1E-C70F-486C-A40F-3172259755BE}
		{476215F6-F783-4C42-8E55-F8F85827564D} = {FEF5AB1E-C70F-486C-A40F-3172259755BE}
		{6900F87D-A3D8-4B6E-8DBA-5D894FBB355C} = {5FB025BA-6D4B-4C62-98F1-5E9F1FFDC43E}
		{31E8CC81-AE51-4F77-A58F-1BFB94E38333} = {5FB025BA-6D4B-4C62-98F1-5E9F1FFDC43E}
		{274228BD-1786-465D-8643-84E71E336A86} = {5FB025BA-6D4B-4C62-98F1-5E9F1FFDC43E}
		{688FBD7F-2539-4F68-AC90-E413CF075408} = {C17E3914-2F3D-459B-9E51-410E2F292F50}
		{E51B46FE-2CC1-4D11-93B5-C41205FA755F} = {C17E3914-2F3D-459B-9E51-410E2F292F50}
		{1D04E6E4-8543-4DB9-9E24-CAC2404B4DA6} = {8CB801AC-3E66-4CBF-AAF0-48E849FB4744}
		{C6266D25-A21B-4197-961F-8E33A0E82DE1} = {8CB801AC-3E66-4CBF-AAF0-48E849FB4744}
	EndGlobalSection
	GlobalSection(ExtensibilityGlobals) = postSolution
		SolutionGuid = {9AB1B944-9904-402D-B421-236052BB031C}
	EndGlobalSection
EndGlobal
